# This file is automatically @generated by Cargo.
# It is not intended for manual editing.
version = 3

[[package]]
name = "array-for"
version = "0.1.0"

[[package]]
name = "book-library"
version = "0.1.0"

[[package]]
name = "gui"
version = "0.1.0"

[[package]]
name = "health-statistics"
version = "0.1.0"

[[package]]
name = "implicit-conversions"
version = "0.1.0"

[[package]]
name = "luhn"
version = "0.1.0"

[[package]]
name = "polygons"
version = "0.1.0"

[[package]]
name = "router"
version = "0.1.0"
